// !$*UTF8*$!
{
	archiveVersion = 1;
	classes = {
	};
	objectVersion = 50;
	objects = {

/* Begin PBXBuildFile section */
		FEB6A01F2417115700A5702A /* AppDelegate.swift in Sources */ = {isa = PBXBuildFile; fileRef = FEB6A01E2417115700A5702A /* AppDelegate.swift */; };
		FEB6A0212417115700A5702A /* SceneDelegate.swift in Sources */ = {isa = PBXBuildFile; fileRef = FEB6A0202417115700A5702A /* SceneDelegate.swift */; };
		FEB6A0282417115800A5702A /* Assets.xcassets in Resources */ = {isa = PBXBuildFile; fileRef = FEB6A0272417115800A5702A /* Assets.xcassets */; };
		FEB6A02B2417115800A5702A /* LaunchScreen.storyboard in Resources */ = {isa = PBXBuildFile; fileRef = FEB6A0292417115800A5702A /* LaunchScreen.storyboard */; };
		FEB6A0352417123200A5702A /* Main.storyboard in Resources */ = {isa = PBXBuildFile; fileRef = FEB6A0342417123200A5702A /* Main.storyboard */; };
		FEB6A03C2417124300A5702A /* ViewController.swift in Sources */ = {isa = PBXBuildFile; fileRef = FEB6A0372417124300A5702A /* ViewController.swift */; };
		FEB6A03D2417124300A5702A /* LocationSearchTable.swift in Sources */ = {isa = PBXBuildFile; fileRef = FEB6A0382417124300A5702A /* LocationSearchTable.swift */; };
		FEB6A03E2417124300A5702A /* ParkDestController.swift in Sources */ = {isa = PBXBuildFile; fileRef = FEB6A0392417124300A5702A /* ParkDestController.swift */; };
		FEB6A03F2417124300A5702A /* ParkatDestViewController.swift in Sources */ = {isa = PBXBuildFile; fileRef = FEB6A03A2417124300A5702A /* ParkatDestViewController.swift */; };
		FEB6A0402417124300A5702A /* closestController.swift in Sources */ = {isa = PBXBuildFile; fileRef = FEB6A03B2417124300A5702A /* closestController.swift */; };
		FEB6A0422417127E00A5702A /* Info.plist in Resources */ = {isa = PBXBuildFile; fileRef = FEB6A0412417127E00A5702A /* Info.plist */; };
		FEB6A0442417130000A5702A /* ViewControllers in Resources */ = {isa = PBXBuildFile; fileRef = FEB6A0432417130000A5702A /* ViewControllers */; };
/* End PBXBuildFile section */

/* Begin PBXFileReference section */
		FEB6A01B2417115700A5702A /* ParkApp2.app */ = {isa = PBXFileReference; explicitFileType = wrapper.application; includeInIndex = 0; path = ParkApp2.app; sourceTree = BUILT_PRODUCTS_DIR; };
		FEB6A01E2417115700A5702A /* AppDelegate.swift */ = {isa = PBXFileReference; lastKnownFileType = sourcecode.swift; path = AppDelegate.swift; sourceTree = "<group>"; };
		FEB6A0202417115700A5702A /* SceneDelegate.swift */ = {isa = PBXFileReference; lastKnownFileType = sourcecode.swift; path = SceneDelegate.swift; sourceTree = "<group>"; };
		FEB6A0272417115800A5702A /* Assets.xcassets */ = {isa = PBXFileReference; lastKnownFileType = folder.assetcatalog; path = Assets.xcassets; sourceTree = "<group>"; };
		FEB6A02A2417115800A5702A /* Base */ = {isa = PBXFileReference; lastKnownFileType = file.storyboard; name = Base; path = Base.lproj/LaunchScreen.storyboard; sourceTree = "<group>"; };
		FEB6A0342417123200A5702A /* Main.storyboard */ = {isa = PBXFileReference; fileEncoding = 4; lastKnownFileType = file.storyboard; path = Main.storyboard; sourceTree = "<group>"; };
		FEB6A0372417124300A5702A /* ViewController.swift */ = {isa = PBXFileReference; fileEncoding = 4; lastKnownFileType = sourcecode.swift; path = ViewController.swift; sourceTree = "<group>"; };
		FEB6A0382417124300A5702A /* LocationSearchTable.swift */ = {isa = PBXFileReference; fileEncoding = 4; lastKnownFileType = sourcecode.swift; path = LocationSearchTable.swift; sourceTree = "<group>"; };
		FEB6A0392417124300A5702A /* ParkDestController.swift */ = {isa = PBXFileReference; fileEncoding = 4; lastKnownFileType = sourcecode.swift; path = ParkDestController.swift; sourceTree = "<group>"; };
		FEB6A03A2417124300A5702A /* ParkatDestViewController.swift */ = {isa = PBXFileReference; fileEncoding = 4; lastKnownFileType = sourcecode.swift; path = ParkatDestViewController.swift; sourceTree = "<group>"; };
		FEB6A03B2417124300A5702A /* closestController.swift */ = {isa = PBXFileReference; fileEncoding = 4; lastKnownFileType = sourcecode.swift; path = closestController.swift; sourceTree = "<group>"; };
		FEB6A0412417127E00A5702A /* Info.plist */ = {isa = PBXFileReference; fileEncoding = 4; lastKnownFileType = text.plist.xml; path = Info.plist; sourceTree = "<group>"; };
		FEB6A0432417130000A5702A /* ViewControllers */ = {isa = PBXFileReference; lastKnownFileType = folder; path = ViewControllers; sourceTree = "<group>"; };
/* End PBXFileReference section */

/* Begin PBXFrameworksBuildPhase section */
		FEB6A0182417115700A5702A /* Frameworks */ = {
			isa = PBXFrameworksBuildPhase;
			buildActionMask = 2147483647;
			files = (
			);
			runOnlyForDeploymentPostprocessing = 0;
		};
/* End PBXFrameworksBuildPhase section */

/* Begin PBXGroup section */
		FEB6A0122417115700A5702A = {
			isa = PBXGroup;
			children = (
				FEB6A01D2417115700A5702A /* ParkApp2 */,
				FEB6A01C2417115700A5702A /* Products */,
			);
			sourceTree = "<group>";
		};
		FEB6A01C2417115700A5702A /* Products */ = {
			isa = PBXGroup;
			children = (
				FEB6A01B2417115700A5702A /* ParkApp2.app */,
			);
			name = Products;
			sourceTree = "<group>";
		};
		FEB6A01D2417115700A5702A /* ParkApp2 */ = {
			isa = PBXGroup;
			children = (
				FEB6A01E2417115700A5702A /* AppDelegate.swift */,
				FEB6A0202417115700A5702A /* SceneDelegate.swift */,
				FEB6A0362417124300A5702A /* ViewControllers */,
				FEB6A0432417130000A5702A /* ViewControllers */,
				FEB6A0342417123200A5702A /* Main.storyboard */,
				FEB6A0412417127E00A5702A /* Info.plist */,
				FEB6A0272417115800A5702A /* Assets.xcassets */,
				FEB6A0292417115800A5702A /* LaunchScreen.storyboard */,
			);
			path = ParkApp2;
			sourceTree = "<group>";
		};
		FEB6A0362417124300A5702A /* ViewControllers */ = {
			isa = PBXGroup;
			children = (
				FEB6A0372417124300A5702A /* ViewController.swift */,
				FEB6A0382417124300A5702A /* LocationSearchTable.swift */,
				FEB6A0392417124300A5702A /* ParkDestController.swift */,
				FEB6A03A2417124300A5702A /* ParkatDestViewController.swift */,
				FEB6A03B2417124300A5702A /* closestController.swift */,
			);
			name = ViewControllers;
			path = "../../Better Wireframe/Better Wireframe/ViewControllers";
			sourceTree = "<group>";
		};
/* End PBXGroup section */

/* Begin PBXNativeTarget section */
		FEB6A01A2417115700A5702A /* ParkApp2 */ = {
			isa = PBXNativeTarget;
			buildConfigurationList = FEB6A02F2417115800A5702A /* Build configuration list for PBXNativeTarget "ParkApp2" */;
			buildPhases = (
				FEB6A0172417115700A5702A /* Sources */,
				FEB6A0182417115700A5702A /* Frameworks */,
				FEB6A0192417115700A5702A /* Resources */,
			);
			buildRules = (
			);
			dependencies = (
			);
			name = ParkApp2;
			productName = ParkApp2;
			productReference = FEB6A01B2417115700A5702A /* ParkApp2.app */;
			productType = "com.apple.product-type.application";
		};
/* End PBXNativeTarget section */

/* Begin PBXProject section */
		FEB6A0132417115700A5702A /* Project object */ = {
			isa = PBXProject;
			attributes = {
				LastSwiftUpdateCheck = 1130;
				LastUpgradeCheck = 1130;
				ORGANIZATIONNAME = "Prashikh Agrawal ";
				TargetAttributes = {
					FEB6A01A2417115700A5702A = {
						CreatedOnToolsVersion = 11.3.1;
					};
				};
			};
			buildConfigurationList = FEB6A0162417115700A5702A /* Build configuration list for PBXProject "ParkApp2" */;
			compatibilityVersion = "Xcode 9.3";
			developmentRegion = en;
			hasScannedForEncodings = 0;
			knownRegions = (
				en,
				Base,
			);
			mainGroup = FEB6A0122417115700A5702A;
			productRefGroup = FEB6A01C2417115700A5702A /* Products */;
			projectDirPath = "";
			projectRoot = "";
			targets = (
				FEB6A01A2417115700A5702A /* ParkApp2 */,
			);
		};
/* End PBXProject section */

/* Begin PBXResourcesBuildPhase section */
		FEB6A0192417115700A5702A /* Resources */ = {
			isa = PBXResourcesBuildPhase;
			buildActionMask = 2147483647;
			files = (
				FEB6A0422417127E00A5702A /* Info.plist in Resources */,
				FEB6A02B2417115800A5702A /* LaunchScreen.storyboard in Resources */,
				FEB6A0442417130000A5702A /* ViewControllers in Resources */,
				FEB6A0282417115800A5702A /* Assets.xcassets in Resources */,
				FEB6A0352417123200A5702A /* Main.storyboard in Resources */,
			);
			runOnlyForDeploymentPostprocessing = 0;
		};
/* End PBXResourcesBuildPhase section */

/* Begin PBXSourcesBuildPhase section */
		FEB6A0172417115700A5702A /* Sources */ = {
			isa = PBXSourcesBuildPhase;
			buildActionMask = 2147483647;
			files = (
				FEB6A03C2417124300A5702A /* ViewController.swift in Sources */,
				FEB6A0402417124300A5702A /* closestController.swift in Sources */,
				FEB6A01F2417115700A5702A /* AppDelegate.swift in Sources */,
				FEB6A03E2417124300A5702A /* ParkDestController.swift in Sources */,
				FEB6A03F2417124300A5702A /* ParkatDestViewController.swift in Sources */,
				FEB6A0212417115700A5702A /* SceneDelegate.swift in Sources */,
				FEB6A03D2417124300A5702A /* LocationSearchTable.swift in Sources */,
			);
			runOnlyForDeploymentPostprocessing = 0;
		};
/* End PBXSourcesBuildPhase section */

/* Begin PBXVariantGroup section */
		FEB6A0292417115800A5702A /* LaunchScreen.storyboard */ = {
			isa = PBXVariantGroup;
			children = (
				FEB6A02A2417115800A5702A /* Base */,
			);
			name = LaunchScreen.storyboard;
			sourceTree = "<group>";
		};
/* End PBXVariantGroup section */

/* Begin XCBuildConfiguration section */
		FEB6A02D2417115800A5702A /* Debug */ = {
			isa = XCBuildConfiguration;
			buildSettings = {
				ALWAYS_SEARCH_USER_PATHS = NO;
				CLANG_ANALYZER_NONNULL = YES;
				CLANG_ANALYZER_NUMBER_OBJECT_CONVERSION = YES_AGGRESSIVE;
				CLANG_CXX_LANGUAGE_STANDARD = "gnu++14";
				CLANG_CXX_LIBRARY = "libc++";
				CLANG_ENABLE_MODULES = YES;
				CLANG_ENABLE_OBJC_ARC = YES;
				CLANG_ENABLE_OBJC_WEAK = YES;
				CLANG_WARN_BLOCK_CAPTURE_AUTORELEASING = YES;
				CLANG_WARN_BOOL_CONVERSION = YES;
				CLANG_WARN_COMMA = YES;
				CLANG_WARN_CONSTANT_CONVERSION = YES;
				CLANG_WARN_DEPRECATED_OBJC_IMPLEMENTATIONS = YES;
				CLANG_WARN_DIRECT_OBJC_ISA_USAGE = YES_ERROR;
				CLANG_WARN_DOCUMENTATION_COMMENTS = YES;
				CLANG_WARN_EMPTY_BODY = YES;
				CLANG_WARN_ENUM_CONVERSION = YES;
				CLANG_WARN_INFINITE_RECURSION = YES;
				CLANG_WARN_INT_CONVERSION = YES;
				CLANG_WARN_NON_LITERAL_NULL_CONVERSION = YES;
				CLANG_WARN_OBJC_IMPLICIT_RETAIN_SELF = YES;
				CLANG_WARN_OBJC_LITERAL_CONVERSION = YES;
				CLANG_WARN_OBJC_ROOT_CLASS = YES_ERROR;
				CLANG_WARN_RANGE_LOOP_ANALYSIS = YES;
				CLANG_WARN_STRICT_PROTOTYPES = YES;
				CLANG_WARN_SUSPICIOUS_MOVE = YES;
				CLANG_WARN_UNGUARDED_AVAILABILITY = YES_AGGRESSIVE;
				CLANG_WARN_UNREACHABLE_CODE = YES;
				CLANG_WARN__DUPLICATE_METHOD_MATCH = YES;
				COPY_PHASE_STRIP = NO;
				DEBUG_INFORMATION_FORMAT = dwarf;
				ENABLE_STRICT_OBJC_MSGSEND = YES;
				ENABLE_TESTABILITY = YES;
				GCC_C_LANGUAGE_STANDARD = gnu11;
				GCC_DYNAMIC_NO_PIC = NO;
				GCC_NO_COMMON_BLOCKS = YES;
				GCC_OPTIMIZATION_LEVEL = 0;
				GCC_PREPROCESSOR_DEFINITIONS = (
					"DEBUG=1",
					"$(inherited)",
				);
				GCC_WARN_64_TO_32_BIT_CONVERSION = YES;
				GCC_WARN_ABOUT_RETURN_TYPE = YES_ERROR;
				GCC_WARN_UNDECLARED_SELECTOR = YES;
				GCC_WARN_UNINITIALIZED_AUTOS = YES_AGGRESSIVE;
				GCC_WARN_UNUSED_FUNCTION = YES;
				GCC_WARN_UNUSED_VARIABLE = YES;
				IPHONEOS_DEPLOYMENT_TARGET = 13.2;
				MTL_ENABLE_DEBUG_INFO = INCLUDE_SOURCE;
				MTL_FAST_MATH = YES;
				ONLY_ACTIVE_ARCH = YES;
				SDKROOT = iphoneos;
				SWIFT_ACTIVE_COMPILATION_CONDITIONS = DEBUG;
				SWIFT_OPTIMIZATION_LEVEL = "-Onone";
			};
			name = Debug;
		};
		FEB6A02E2417115800A5702A /* Release */ = {
			isa = XCBuildConfiguration;
			buildSettings = {
				ALWAYS_SEARCH_USER_PATHS = NO;
				CLANG_ANALYZER_NONNULL = YES;
				CLANG_ANALYZER_NUMBER_OBJECT_CONVERSION = YES_AGGRESSIVE;
				CLANG_CXX_LANGUAGE_STANDARD = "gnu++14";
				CLANG_CXX_LIBRARY = "libc++";
				CLANG_ENABLE_MODULES = YES;
				CLANG_ENABLE_OBJC_ARC = YES;
				CLANG_ENABLE_OBJC_WEAK = YES;
				CLANG_WARN_BLOCK_CAPTURE_AUTORELEASING = YES;
				CLANG_WARN_BOOL_CONVERSION = YES;
				CLANG_WARN_COMMA = YES;
				CLANG_WARN_CONSTANT_CONVERSION = YES;
				CLANG_WARN_DEPRECATED_OBJC_IMPLEMENTATIONS = YES;
				CLANG_WARN_DIRECT_OBJC_ISA_USAGE = YES_ERROR;
				CLANG_WARN_DOCUMENTATION_COMMENTS = YES;
				CLANG_WARN_EMPTY_BODY = YES;
				CLANG_WARN_ENUM_CONVERSION = YES;
				CLANG_WARN_INFINITE_RECURSION = YES;
				CLANG_WARN_INT_CONVERSION = YES;
				CLANG_WARN_NON_LITERAL_NULL_CONVERSION = YES;
				CLANG_WARN_OBJC_IMPLICIT_RETAIN_SELF = YES;
				CLANG_WARN_OBJC_LITERAL_CONVERSION = YES;
				CLANG_WARN_OBJC_ROOT_CLASS = YES_ERROR;
				CLANG_WARN_RANGE_LOOP_ANALYSIS = YES;
				CLANG_WARN_STRICT_PROTOTYPES = YES;
				CLANG_WARN_SUSPICIOUS_MOVE = YES;
				CLANG_WARN_UNGUARDED_AVAILABILITY = YES_AGGRESSIVE;
				CLANG_WARN_UNREACHABLE_CODE = YES;
				CLANG_WARN__DUPLICATE_METHOD_MATCH = YES;
				COPY_PHASE_STRIP = NO;
				DEBUG_INFORMATION_FORMAT = "dwarf-with-dsym";
				ENABLE_NS_ASSERTIONS = NO;
				ENABLE_STRICT_OBJC_MSGSEND = YES;
				GCC_C_LANGUAGE_STANDARD = gnu11;
				GCC_NO_COMMON_BLOCKS = YES;
				GCC_WARN_64_TO_32_BIT_CONVERSION = YES;
				GCC_WARN_ABOUT_RETURN_TYPE = YES_ERROR;
				GCC_WARN_UNDECLARED_SELECTOR = YES;
				GCC_WARN_UNINITIALIZED_AUTOS = YES_AGGRESSIVE;
				GCC_WARN_UNUSED_FUNCTION = YES;
				GCC_WARN_UNUSED_VARIABLE = YES;
				IPHONEOS_DEPLOYMENT_TARGET = 13.2;
				MTL_ENABLE_DEBUG_INFO = NO;
				MTL_FAST_MATH = YES;
				SDKROOT = iphoneos;
				SWIFT_COMPILATION_MODE = wholemodule;
				SWIFT_OPTIMIZATION_LEVEL = "-O";
				VALIDATE_PRODUCT = YES;
			};
			name = Release;
		};
		FEB6A0302417115800A5702A /* Debug */ = {
			isa = XCBuildConfiguration;
			buildSettings = {
				ASSETCATALOG_COMPILER_APPICON_NAME = AppIcon;
				CODE_SIGN_STYLE = Automatic;
				DEVELOPMENT_TEAM = MA2U7PSXUQ;
				INFOPLIST_FILE = ParkApp2/Info.plist;
				LD_RUNPATH_SEARCH_PATHS = (
					"$(inherited)",
					"@executable_path/Frameworks",
				);
				PRODUCT_BUNDLE_IDENTIFIER = com.prashikh.ParkApp2;
				PRODUCT_NAME = "$(TARGET_NAME)";
				SWIFT_VERSION = 5.0;
				TARGETED_DEVICE_FAMILY = "1,2";
			};
			name = Debug;
		};
		FEB6A0312417115800A5702A /* Release */ = {
			isa = XCBuildConfiguration;
			buildSettings = {
				ASSETCATALOG_COMPILER_APPICON_NAME = AppIcon;
				CODE_SIGN_STYLE = Automatic;
				DEVELOPMENT_TEAM = MA2U7PSXUQ;
				INFOPLIST_FILE = ParkApp2/Info.plist;
				LD_RUNPATH_SEARCH_PATHS = (
					"$(inherited)",
					"@executable_path/Frameworks",
				);
				PRODUCT_BUNDLE_IDENTIFIER = com.prashikh.ParkApp2;
				PRODUCT_NAME = "$(TARGET_NAME)";
				SWIFT_VERSION = 5.0;
				TARGETED_DEVICE_FAMILY = "1,2";
			};
			name = Release;
		};
/* End XCBuildConfiguration section */

/* Begin XCConfigurationList section */
		FEB6A0162417115700A5702A /* Build configuration list for PBXProject "ParkApp2" */ = {
			isa = XCConfigurationList;
			buildConfigurations = (
				FEB6A02D2417115800A5702A /* Debug */,
				FEB6A02E2417115800A5702A /* Release */,
			);
			defaultConfigurationIsVisible = 0;
			defaultConfigurationName = Release;
		};
		FEB6A02F2417115800A5702A /* Build configuration list for PBXNativeTarget "ParkApp2" */ = {
			isa = XCConfigurationList;
			buildConfigurations = (
				FEB6A0302417115800A5702A /* Debug */,
				FEB6A0312417115800A5702A /* Release */,
			);
			defaultConfigurationIsVisible = 0;
			defaultConfigurationName = Release;
		};
/* End XCConfigurationList section */
	};
	rootObject = FEB6A0132417115700A5702A /* Project object */;
}
